// !$*UTF8*$!
{
	archiveVersion = 1;
	classes = {
	};
	objectVersion = 50;
	objects = {

/* Begin PBXBuildFile section */
		5248409625F9315800EEECC7 /* AppDelegate.swift in Sources */ = {isa = PBXBuildFile; fileRef = 5248409525F9315800EEECC7 /* AppDelegate.swift */; };
		5248409825F9315800EEECC7 /* SceneDelegate.swift in Sources */ = {isa = PBXBuildFile; fileRef = 5248409725F9315800EEECC7 /* SceneDelegate.swift */; };
		5248409A25F9315800EEECC7 /* ContentView.swift in Sources */ = {isa = PBXBuildFile; fileRef = 5248409925F9315800EEECC7 /* ContentView.swift */; };
		5248409C25F9315A00EEECC7 /* Assets.xcassets in Resources */ = {isa = PBXBuildFile; fileRef = 5248409B25F9315A00EEECC7 /* Assets.xcassets */; };
		5248409F25F9315A00EEECC7 /* Preview Assets.xcassets in Resources */ = {isa = PBXBuildFile; fileRef = 5248409E25F9315A00EEECC7 /* Preview Assets.xcassets */; };
		524840A225F9315A00EEECC7 /* LaunchScreen.storyboard in Resources */ = {isa = PBXBuildFile; fileRef = 524840A025F9315A00EEECC7 /* LaunchScreen.storyboard */; };
		524840AD25F9315A00EEECC7 /* CodeChallengeTests.swift in Sources */ = {isa = PBXBuildFile; fileRef = 524840AC25F9315A00EEECC7 /* CodeChallengeTests.swift */; };
		524840B825F9315A00EEECC7 /* CodeChallengeUITests.swift in Sources */ = {isa = PBXBuildFile; fileRef = 524840B725F9315A00EEECC7 /* CodeChallengeUITests.swift */; };
		524840CC25F9321500EEECC7 /* API.swift in Sources */ = {isa = PBXBuildFile; fileRef = 524840CB25F9321500EEECC7 /* API.swift */; };
		524840D125F9413000EEECC7 /* AdView.swift in Sources */ = {isa = PBXBuildFile; fileRef = 524840D025F9413000EEECC7 /* AdView.swift */; };
		524840D625F9415D00EEECC7 /* ContentModel.swift in Sources */ = {isa = PBXBuildFile; fileRef = 524840D525F9415D00EEECC7 /* ContentModel.swift */; };
/* End PBXBuildFile section */

/* Begin PBXContainerItemProxy section */
		524840A925F9315A00EEECC7 /* PBXContainerItemProxy */ = {
			isa = PBXContainerItemProxy;
			containerPortal = 5248408A25F9315800EEECC7 /* Project object */;
			proxyType = 1;
			remoteGlobalIDString = 5248409125F9315800EEECC7;
			remoteInfo = CodeChallenge;
		};
		524840B425F9315A00EEECC7 /* PBXContainerItemProxy */ = {
			isa = PBXContainerItemProxy;
			containerPortal = 5248408A25F9315800EEECC7 /* Project object */;
			proxyType = 1;
			remoteGlobalIDString = 5248409125F9315800EEECC7;
			remoteInfo = CodeChallenge;
		};
/* End PBXContainerItemProxy section */

/* Begin PBXFileReference section */
		5248409225F9315800EEECC7 /* CodeChallenge.app */ = {isa = PBXFileReference; explicitFileType = wrapper.application; includeInIndex = 0; path = CodeChallenge.app; sourceTree = BUILT_PRODUCTS_DIR; };
		5248409525F9315800EEECC7 /* AppDelegate.swift */ = {isa = PBXFileReference; lastKnownFileType = sourcecode.swift; path = AppDelegate.swift; sourceTree = "<group>"; };
		5248409725F9315800EEECC7 /* SceneDelegate.swift */ = {isa = PBXFileReference; lastKnownFileType = sourcecode.swift; path = SceneDelegate.swift; sourceTree = "<group>"; };
		5248409925F9315800EEECC7 /* ContentView.swift */ = {isa = PBXFileReference; lastKnownFileType = sourcecode.swift; path = ContentView.swift; sourceTree = "<group>"; };
		5248409B25F9315A00EEECC7 /* Assets.xcassets */ = {isa = PBXFileReference; lastKnownFileType = folder.assetcatalog; path = Assets.xcassets; sourceTree = "<group>"; };
		5248409E25F9315A00EEECC7 /* Preview Assets.xcassets */ = {isa = PBXFileReference; lastKnownFileType = folder.assetcatalog; path = "Preview Assets.xcassets"; sourceTree = "<group>"; };
		524840A125F9315A00EEECC7 /* Base */ = {isa = PBXFileReference; lastKnownFileType = file.storyboard; name = Base; path = Base.lproj/LaunchScreen.storyboard; sourceTree = "<group>"; };
		524840A325F9315A00EEECC7 /* Info.plist */ = {isa = PBXFileReference; lastKnownFileType = text.plist.xml; path = Info.plist; sourceTree = "<group>"; };
		524840A825F9315A00EEECC7 /* CodeChallengeTests.xctest */ = {isa = PBXFileReference; explicitFileType = wrapper.cfbundle; includeInIndex = 0; path = CodeChallengeTests.xctest; sourceTree = BUILT_PRODUCTS_DIR; };
		524840AC25F9315A00EEECC7 /* CodeChallengeTests.swift */ = {isa = PBXFileReference; lastKnownFileType = sourcecode.swift; path = CodeChallengeTests.swift; sourceTree = "<group>"; };
		524840AE25F9315A00EEECC7 /* Info.plist */ = {isa = PBXFileReference; lastKnownFileType = text.plist.xml; path = Info.plist; sourceTree = "<group>"; };
		524840B325F9315A00EEECC7 /* CodeChallengeUITests.xctest */ = {isa = PBXFileReference; explicitFileType = wrapper.cfbundle; includeInIndex = 0; path = CodeChallengeUITests.xctest; sourceTree = BUILT_PRODUCTS_DIR; };
		524840B725F9315A00EEECC7 /* CodeChallengeUITests.swift */ = {isa = PBXFileReference; lastKnownFileType = sourcecode.swift; path = CodeChallengeUITests.swift; sourceTree = "<group>"; };
		524840B925F9315A00EEECC7 /* Info.plist */ = {isa = PBXFileReference; lastKnownFileType = text.plist.xml; path = Info.plist; sourceTree = "<group>"; };
		524840CB25F9321500EEECC7 /* API.swift */ = {isa = PBXFileReference; lastKnownFileType = sourcecode.swift; path = API.swift; sourceTree = "<group>"; };
		524840D025F9413000EEECC7 /* AdView.swift */ = {isa = PBXFileReference; lastKnownFileType = sourcecode.swift; path = AdView.swift; sourceTree = "<group>"; };
		524840D525F9415D00EEECC7 /* ContentModel.swift */ = {isa = PBXFileReference; lastKnownFileType = sourcecode.swift; path = ContentModel.swift; sourceTree = "<group>"; };
/* End PBXFileReference section */

/* Begin PBXFrameworksBuildPhase section */
		5248408F25F9315800EEECC7 /* Frameworks */ = {
			isa = PBXFrameworksBuildPhase;
			buildActionMask = 2147483647;
			files = (
			);
			runOnlyForDeploymentPostprocessing = 0;
		};
		524840A525F9315A00EEECC7 /* Frameworks */ = {
			isa = PBXFrameworksBuildPhase;
			buildActionMask = 2147483647;
			files = (
			);
			runOnlyForDeploymentPostprocessing = 0;
		};
		524840B025F9315A00EEECC7 /* Frameworks */ = {
			isa = PBXFrameworksBuildPhase;
			buildActionMask = 2147483647;
			files = (
			);
			runOnlyForDeploymentPostprocessing = 0;
		};
/* End PBXFrameworksBuildPhase section */

/* Begin PBXGroup section */
		5248408925F9315800EEECC7 = {
			isa = PBXGroup;
			children = (
				5248409425F9315800EEECC7 /* CodeChallenge */,
				524840AB25F9315A00EEECC7 /* CodeChallengeTests */,
				524840B625F9315A00EEECC7 /* CodeChallengeUITests */,
				5248409325F9315800EEECC7 /* Products */,
			);
			sourceTree = "<group>";
		};
		5248409325F9315800EEECC7 /* Products */ = {
			isa = PBXGroup;
			children = (
				5248409225F9315800EEECC7 /* CodeChallenge.app */,
				524840A825F9315A00EEECC7 /* CodeChallengeTests.xctest */,
				524840B325F9315A00EEECC7 /* CodeChallengeUITests.xctest */,
			);
			name = Products;
			sourceTree = "<group>";
		};
		5248409425F9315800EEECC7 /* CodeChallenge */ = {
			isa = PBXGroup;
			children = (
				524840D025F9413000EEECC7 /* AdView.swift */,
				524840CB25F9321500EEECC7 /* API.swift */,
				5248409525F9315800EEECC7 /* AppDelegate.swift */,
				5248409B25F9315A00EEECC7 /* Assets.xcassets */,
				524840D525F9415D00EEECC7 /* ContentModel.swift */,
				5248409925F9315800EEECC7 /* ContentView.swift */,
				524840A325F9315A00EEECC7 /* Info.plist */,
				524840A025F9315A00EEECC7 /* LaunchScreen.storyboard */,
				5248409D25F9315A00EEECC7 /* Preview Content */,
				5248409725F9315800EEECC7 /* SceneDelegate.swift */,
			);
			path = CodeChallenge;
			sourceTree = "<group>";
		};
		5248409D25F9315A00EEECC7 /* Preview Content */ = {
			isa = PBXGroup;
			children = (
				5248409E25F9315A00EEECC7 /* Preview Assets.xcassets */,
			);
			path = "Preview Content";
			sourceTree = "<group>";
		};
		524840AB25F9315A00EEECC7 /* CodeChallengeTests */ = {
			isa = PBXGroup;
			children = (
				524840AC25F9315A00EEECC7 /* CodeChallengeTests.swift */,
				524840AE25F9315A00EEECC7 /* Info.plist */,
			);
			path = CodeChallengeTests;
			sourceTree = "<group>";
		};
		524840B625F9315A00EEECC7 /* CodeChallengeUITests */ = {
			isa = PBXGroup;
			children = (
				524840B725F9315A00EEECC7 /* CodeChallengeUITests.swift */,
				524840B925F9315A00EEECC7 /* Info.plist */,
			);
			path = CodeChallengeUITests;
			sourceTree = "<group>";
		};
/* End PBXGroup section */

/* Begin PBXNativeTarget section */
		5248409125F9315800EEECC7 /* CodeChallenge */ = {
			isa = PBXNativeTarget;
			buildConfigurationList = 524840BC25F9315A00EEECC7 /* Build configuration list for PBXNativeTarget "CodeChallenge" */;
			buildPhases = (
				5248408E25F9315800EEECC7 /* Sources */,
				5248408F25F9315800EEECC7 /* Frameworks */,
				5248409025F9315800EEECC7 /* Resources */,
			);
			buildRules = (
			);
			dependencies = (
			);
			name = CodeChallenge;
			productName = CodeChallenge;
			productReference = 5248409225F9315800EEECC7 /* CodeChallenge.app */;
			productType = "com.apple.product-type.application";
		};
		524840A725F9315A00EEECC7 /* CodeChallengeTests */ = {
			isa = PBXNativeTarget;
			buildConfigurationList = 524840BF25F9315A00EEECC7 /* Build configuration list for PBXNativeTarget "CodeChallengeTests" */;
			buildPhases = (
				524840A425F9315A00EEECC7 /* Sources */,
				524840A525F9315A00EEECC7 /* Frameworks */,
				524840A625F9315A00EEECC7 /* Resources */,
			);
			buildRules = (
			);
			dependencies = (
				524840AA25F9315A00EEECC7 /* PBXTargetDependency */,
			);
			name = CodeChallengeTests;
			productName = CodeChallengeTests;
			productReference = 524840A825F9315A00EEECC7 /* CodeChallengeTests.xctest */;
			productType = "com.apple.product-type.bundle.unit-test";
		};
		524840B225F9315A00EEECC7 /* CodeChallengeUITests */ = {
			isa = PBXNativeTarget;
			buildConfigurationList = 524840C225F9315A00EEECC7 /* Build configuration list for PBXNativeTarget "CodeChallengeUITests" */;
			buildPhases = (
				524840AF25F9315A00EEECC7 /* Sources */,
				524840B025F9315A00EEECC7 /* Frameworks */,
				524840B125F9315A00EEECC7 /* Resources */,
			);
			buildRules = (
			);
			dependencies = (
				524840B525F9315A00EEECC7 /* PBXTargetDependency */,
			);
			name = CodeChallengeUITests;
			productName = CodeChallengeUITests;
			productReference = 524840B325F9315A00EEECC7 /* CodeChallengeUITests.xctest */;
			productType = "com.apple.product-type.bundle.ui-testing";
		};
/* End PBXNativeTarget section */

/* Begin PBXProject section */
		5248408A25F9315800EEECC7 /* Project object */ = {
			isa = PBXProject;
			attributes = {
				LastSwiftUpdateCheck = 1230;
				LastUpgradeCheck = 1230;
				TargetAttributes = {
					5248409125F9315800EEECC7 = {
						CreatedOnToolsVersion = 12.3;
					};
					524840A725F9315A00EEECC7 = {
						CreatedOnToolsVersion = 12.3;
						TestTargetID = 5248409125F9315800EEECC7;
					};
					524840B225F9315A00EEECC7 = {
						CreatedOnToolsVersion = 12.3;
						TestTargetID = 5248409125F9315800EEECC7;
					};
				};
			};
			buildConfigurationList = 5248408D25F9315800EEECC7 /* Build configuration list for PBXProject "CodeChallenge" */;
			compatibilityVersion = "Xcode 9.3";
			developmentRegion = en;
			hasScannedForEncodings = 0;
			knownRegions = (
				en,
				Base,
			);
			mainGroup = 5248408925F9315800EEECC7;
			productRefGroup = 5248409325F9315800EEECC7 /* Products */;
			projectDirPath = "";
			projectRoot = "";
			targets = (
				5248409125F9315800EEECC7 /* CodeChallenge */,
				524840A725F9315A00EEECC7 /* CodeChallengeTests */,
				524840B225F9315A00EEECC7 /* CodeChallengeUITests */,
			);
		};
/* End PBXProject section */

/* Begin PBXResourcesBuildPhase section */
		5248409025F9315800EEECC7 /* Resources */ = {
			isa = PBXResourcesBuildPhase;
			buildActionMask = 2147483647;
			files = (
				524840A225F9315A00EEECC7 /* LaunchScreen.storyboard in Resources */,
				5248409F25F9315A00EEECC7 /* Preview Assets.xcassets in Resources */,
				5248409C25F9315A00EEECC7 /* Assets.xcassets in Resources */,
			);
			runOnlyForDeploymentPostprocessing = 0;
		};
		524840A625F9315A00EEECC7 /* Resources */ = {
			isa = PBXResourcesBuildPhase;
			buildActionMask = 2147483647;
			files = (
			);
			runOnlyForDeploymentPostprocessing = 0;
		};
		524840B125F9315A00EEECC7 /* Resources */ = {
			isa = PBXResourcesBuildPhase;
			buildActionMask = 2147483647;
			files = (
			);
			runOnlyForDeploymentPostprocessing = 0;
		};
/* End PBXResourcesBuildPhase section */

/* Begin PBXSourcesBuildPhase section */
		5248408E25F9315800EEECC7 /* Sources */ = {
			isa = PBXSourcesBuildPhase;
			buildActionMask = 2147483647;
			files = (
				524840D125F9413000EEECC7 /* AdView.swift in Sources */,
				5248409625F9315800EEECC7 /* AppDelegate.swift in Sources */,
				5248409825F9315800EEECC7 /* SceneDelegate.swift in Sources */,
				524840CC25F9321500EEECC7 /* API.swift in Sources */,
				5248409A25F9315800EEECC7 /* ContentView.swift in Sources */,
				524840D625F9415D00EEECC7 /* ContentModel.swift in Sources */,
			);
			runOnlyForDeploymentPostprocessing = 0;
		};
		524840A425F9315A00EEECC7 /* Sources */ = {
			isa = PBXSourcesBuildPhase;
			buildActionMask = 2147483647;
			files = (
				524840AD25F9315A00EEECC7 /* CodeChallengeTests.swift in Sources */,
			);
			runOnlyForDeploymentPostprocessing = 0;
		};
		524840AF25F9315A00EEECC7 /* Sources */ = {
			isa = PBXSourcesBuildPhase;
			buildActionMask = 2147483647;
			files = (
				524840B825F9315A00EEECC7 /* CodeChallengeUITests.swift in Sources */,
			);
			runOnlyForDeploymentPostprocessing = 0;
		};
/* End PBXSourcesBuildPhase section */

/* Begin PBXTargetDependency section */
		524840AA25F9315A00EEECC7 /* PBXTargetDependency */ = {
			isa = PBXTargetDependency;
			target = 5248409125F9315800EEECC7 /* CodeChallenge */;
			targetProxy = 524840A925F9315A00EEECC7 /* PBXContainerItemProxy */;
		};
		524840B525F9315A00EEECC7 /* PBXTargetDependency */ = {
			isa = PBXTargetDependency;
			target = 5248409125F9315800EEECC7 /* CodeChallenge */;
			targetProxy = 524840B425F9315A00EEECC7 /* PBXContainerItemProxy */;
		};
/* End PBXTargetDependency section */

/* Begin PBXVariantGroup section */
		524840A025F9315A00EEECC7 /* LaunchScreen.storyboard */ = {
			isa = PBXVariantGroup;
			children = (
				524840A125F9315A00EEECC7 /* Base */,
			);
			name = LaunchScreen.storyboard;
			sourceTree = "<group>";
		};
/* End PBXVariantGroup section */

/* Begin XCBuildConfiguration section */
		524840BA25F9315A00EEECC7 /* Debug */ = {
			isa = XCBuildConfiguration;
			buildSettings = {
				ALWAYS_SEARCH_USER_PATHS = NO;
				CLANG_ANALYZER_NONNULL = YES;
				CLANG_ANALYZER_NUMBER_OBJECT_CONVERSION = YES_AGGRESSIVE;
				CLANG_CXX_LANGUAGE_STANDARD = "gnu++14";
				CLANG_CXX_LIBRARY = "libc++";
				CLANG_ENABLE_MODULES = YES;
				CLANG_ENABLE_OBJC_ARC = YES;
				CLANG_ENABLE_OBJC_WEAK = YES;
				CLANG_WARN_BLOCK_CAPTURE_AUTORELEASING = YES;
				CLANG_WARN_BOOL_CONVERSION = YES;
				CLANG_WARN_COMMA = YES;
				CLANG_WARN_CONSTANT_CONVERSION = YES;
				CLANG_WARN_DEPRECATED_OBJC_IMPLEMENTATIONS = YES;
				CLANG_WARN_DIRECT_OBJC_ISA_USAGE = YES_ERROR;
				CLANG_WARN_DOCUMENTATION_COMMENTS = YES;
				CLANG_WARN_EMPTY_BODY = YES;
				CLANG_WARN_ENUM_CONVERSION = YES;
				CLANG_WARN_INFINITE_RECURSION = YES;
				CLANG_WARN_INT_CONVERSION = YES;
				CLANG_WARN_NON_LITERAL_NULL_CONVERSION = YES;
				CLANG_WARN_OBJC_IMPLICIT_RETAIN_SELF = YES;
				CLANG_WARN_OBJC_LITERAL_CONVERSION = YES;
				CLANG_WARN_OBJC_ROOT_CLASS = YES_ERROR;
				CLANG_WARN_QUOTED_INCLUDE_IN_FRAMEWORK_HEADER = YES;
				CLANG_WARN_RANGE_LOOP_ANALYSIS = YES;
				CLANG_WARN_STRICT_PROTOTYPES = YES;
				CLANG_WARN_SUSPICIOUS_MOVE = YES;
				CLANG_WARN_UNGUARDED_AVAILABILITY = YES_AGGRESSIVE;
				CLANG_WARN_UNREACHABLE_CODE = YES;
				CLANG_WARN__DUPLICATE_METHOD_MATCH = YES;
				COPY_PHASE_STRIP = NO;
				DEBUG_INFORMATION_FORMAT = dwarf;
				ENABLE_STRICT_OBJC_MSGSEND = YES;
				ENABLE_TESTABILITY = YES;
				GCC_C_LANGUAGE_STANDARD = gnu11;
				GCC_DYNAMIC_NO_PIC = NO;
				GCC_NO_COMMON_BLOCKS = YES;
				GCC_OPTIMIZATION_LEVEL = 0;
				GCC_PREPROCESSOR_DEFINITIONS = (
					"DEBUG=1",
					"$(inherited)",
				);
				GCC_WARN_64_TO_32_BIT_CONVERSION = YES;
				GCC_WARN_ABOUT_RETURN_TYPE = YES_ERROR;
				GCC_WARN_UNDECLARED_SELECTOR = YES;
				GCC_WARN_UNINITIALIZED_AUTOS = YES_AGGRESSIVE;
				GCC_WARN_UNUSED_FUNCTION = YES;
				GCC_WARN_UNUSED_VARIABLE = YES;
				IPHONEOS_DEPLOYMENT_TARGET = 14.3;
				MTL_ENABLE_DEBUG_INFO = INCLUDE_SOURCE;
				MTL_FAST_MATH = YES;
				ONLY_ACTIVE_ARCH = YES;
				SDKROOT = iphoneos;
				SWIFT_ACTIVE_COMPILATION_CONDITIONS = DEBUG;
				SWIFT_OPTIMIZATION_LEVEL = "-Onone";
			};
			name = Debug;
		};
		524840BB25F9315A00EEECC7 /* Release */ = {
			isa = XCBuildConfiguration;
			buildSettings = {
				ALWAYS_SEARCH_USER_PATHS = NO;
				CLANG_ANALYZER_NONNULL = YES;
				CLANG_ANALYZER_NUMBER_OBJECT_CONVERSION = YES_AGGRESSIVE;
				CLANG_CXX_LANGUAGE_STANDARD = "gnu++14";
				CLANG_CXX_LIBRARY = "libc++";
				CLANG_ENABLE_MODULES = YES;
				CLANG_ENABLE_OBJC_ARC = YES;
				CLANG_ENABLE_OBJC_WEAK = YES;
				CLANG_WARN_BLOCK_CAPTURE_AUTORELEASING = YES;
				CLANG_WARN_BOOL_CONVERSION = YES;
				CLANG_WARN_COMMA = YES;
				CLANG_WARN_CONSTANT_CONVERSION = YES;
				CLANG_WARN_DEPRECATED_OBJC_IMPLEMENTATIONS = YES;
				CLANG_WARN_DIRECT_OBJC_ISA_USAGE = YES_ERROR;
				CLANG_WARN_DOCUMENTATION_COMMENTS = YES;
				CLANG_WARN_EMPTY_BODY = YES;
				CLANG_WARN_ENUM_CONVERSION = YES;
				CLANG_WARN_INFINITE_RECURSION = YES;
				CLANG_WARN_INT_CONVERSION = YES;
				CLANG_WARN_NON_LITERAL_NULL_CONVERSION = YES;
				CLANG_WARN_OBJC_IMPLICIT_RETAIN_SELF = YES;
				CLANG_WARN_OBJC_LITERAL_CONVERSION = YES;
				CLANG_WARN_OBJC_ROOT_CLASS = YES_ERROR;
				CLANG_WARN_QUOTED_INCLUDE_IN_FRAMEWORK_HEADER = YES;
				CLANG_WARN_RANGE_LOOP_ANALYSIS = YES;
				CLANG_WARN_STRICT_PROTOTYPES = YES;
				CLANG_WARN_SUSPICIOUS_MOVE = YES;
				CLANG_WARN_UNGUARDED_AVAILABILITY = YES_AGGRESSIVE;
				CLANG_WARN_UNREACHABLE_CODE = YES;
				CLANG_WARN__DUPLICATE_METHOD_MATCH = YES;
				COPY_PHASE_STRIP = NO;
				DEBUG_INFORMATION_FORMAT = "dwarf-with-dsym";
				ENABLE_NS_ASSERTIONS = NO;
				ENABLE_STRICT_OBJC_MSGSEND = YES;
				GCC_C_LANGUAGE_STANDARD = gnu11;
				GCC_NO_COMMON_BLOCKS = YES;
				GCC_WARN_64_TO_32_BIT_CONVERSION = YES;
				GCC_WARN_ABOUT_RETURN_TYPE = YES_ERROR;
				GCC_WARN_UNDECLARED_SELECTOR = YES;
				GCC_WARN_UNINITIALIZED_AUTOS = YES_AGGRESSIVE;
				GCC_WARN_UNUSED_FUNCTION = YES;
				GCC_WARN_UNUSED_VARIABLE = YES;
				IPHONEOS_DEPLOYMENT_TARGET = 14.3;
				MTL_ENABLE_DEBUG_INFO = NO;
				MTL_FAST_MATH = YES;
				SDKROOT = iphoneos;
				SWIFT_COMPILATION_MODE = wholemodule;
				SWIFT_OPTIMIZATION_LEVEL = "-O";
				VALIDATE_PRODUCT = YES;
			};
			name = Release;
		};
		524840BD25F9315A00EEECC7 /* Debug */ = {
			isa = XCBuildConfiguration;
			buildSettings = {
				ASSETCATALOG_COMPILER_APPICON_NAME = AppIcon;
				ASSETCATALOG_COMPILER_GLOBAL_ACCENT_COLOR_NAME = AccentColor;
				CODE_SIGN_STYLE = Automatic;
				DEVELOPMENT_ASSET_PATHS = "\"CodeChallenge/Preview Content\"";
				ENABLE_PREVIEWS = YES;
				INFOPLIST_FILE = CodeChallenge/Info.plist;
				LD_RUNPATH_SEARCH_PATHS = (
					"$(inherited)",
					"@executable_path/Frameworks",
				);
				PRODUCT_BUNDLE_IDENTIFIER = com.yourcompany.CodeChallenge;
				PRODUCT_NAME = "$(TARGET_NAME)";
				SWIFT_VERSION = 5.0;
				TARGETED_DEVICE_FAMILY = "1,2";
			};
			name = Debug;
		};
		524840BE25F9315A00EEECC7 /* Release */ = {
			isa = XCBuildConfiguration;
			buildSettings = {
				ASSETCATALOG_COMPILER_APPICON_NAME = AppIcon;
				ASSETCATALOG_COMPILER_GLOBAL_ACCENT_COLOR_NAME = AccentColor;
				CODE_SIGN_STYLE = Automatic;
				DEVELOPMENT_ASSET_PATHS = "\"CodeChallenge/Preview Content\"";
				ENABLE_PREVIEWS = YES;
				INFOPLIST_FILE = CodeChallenge/Info.plist;
				LD_RUNPATH_SEARCH_PATHS = (
					"$(inherited)",
					"@executable_path/Frameworks",
				);
				PRODUCT_BUNDLE_IDENTIFIER = com.yourcompany.CodeChallenge;
				PRODUCT_NAME = "$(TARGET_NAME)";
				SWIFT_VERSION = 5.0;
				TARGETED_DEVICE_FAMILY = "1,2";
			};
			name = Release;
		};
		524840C025F9315A00EEECC7 /* Debug */ = {
			isa = XCBuildConfiguration;
			buildSettings = {
				ALWAYS_EMBED_SWIFT_STANDARD_LIBRARIES = YES;
				BUNDLE_LOADER = "$(TEST_HOST)";
				CODE_SIGN_STYLE = Automatic;
				INFOPLIST_FILE = CodeChallengeTests/Info.plist;
				IPHONEOS_DEPLOYMENT_TARGET = 14.3;
				LD_RUNPATH_SEARCH_PATHS = (
					"$(inherited)",
					"@executable_path/Frameworks",
					"@loader_path/Frameworks",
				);
				PRODUCT_BUNDLE_IDENTIFIER = com.yourcompany.CodeChallengeTests;
				PRODUCT_NAME = "$(TARGET_NAME)";
				SWIFT_VERSION = 5.0;
				TARGETED_DEVICE_FAMILY = "1,2";
				TEST_HOST = "$(BUILT_PRODUCTS_DIR)/CodeChallenge.app/CodeChallenge";
			};
			name = Debug;
		};
		524840C125F9315A00EEECC7 /* Release */ = {
			isa = XCBuildConfiguration;
			buildSettings = {
				ALWAYS_EMBED_SWIFT_STANDARD_LIBRARIES = YES;
				BUNDLE_LOADER = "$(TEST_HOST)";
				CODE_SIGN_STYLE = Automatic;
				INFOPLIST_FILE = CodeChallengeTests/Info.plist;
				IPHONEOS_DEPLOYMENT_TARGET = 14.3;
				LD_RUNPATH_SEARCH_PATHS = (
					"$(inherited)",
					"@executable_path/Frameworks",
					"@loader_path/Frameworks",
				);
				PRODUCT_BUNDLE_IDENTIFIER = com.yourcompany.CodeChallengeTests;
				PRODUCT_NAME = "$(TARGET_NAME)";
				SWIFT_VERSION = 5.0;
				TARGETED_DEVICE_FAMILY = "1,2";
				TEST_HOST = "$(BUILT_PRODUCTS_DIR)/CodeChallenge.app/CodeChallenge";
			};
			name = Release;
		};
		524840C325F9315A00EEECC7 /* Debug */ = {
			isa = XCBuildConfiguration;
			buildSettings = {
				ALWAYS_EMBED_SWIFT_STANDARD_LIBRARIES = YES;
				CODE_SIGN_STYLE = Automatic;
				INFOPLIST_FILE = CodeChallengeUITests/Info.plist;
				LD_RUNPATH_SEARCH_PATHS = (
					"$(inherited)",
					"@executable_path/Frameworks",
					"@loader_path/Frameworks",
				);
				PRODUCT_BUNDLE_IDENTIFIER = com.yourcompany.CodeChallengeUITests;
				PRODUCT_NAME = "$(TARGET_NAME)";
				SWIFT_VERSION = 5.0;
				TARGETED_DEVICE_FAMILY = "1,2";
				TEST_TARGET_NAME = CodeChallenge;
			};
			name = Debug;
		};
		524840C425F9315A00EEECC7 /* Release */ = {
			isa = XCBuildConfiguration;
			buildSettings = {
				ALWAYS_EMBED_SWIFT_STANDARD_LIBRARIES = YES;
				CODE_SIGN_STYLE = Automatic;
				INFOPLIST_FILE = CodeChallengeUITests/Info.plist;
				LD_RUNPATH_SEARCH_PATHS = (
					"$(inherited)",
					"@executable_path/Frameworks",
					"@loader_path/Frameworks",
				);
				PRODUCT_BUNDLE_IDENTIFIER = com.yourcompany.CodeChallengeUITests;
				PRODUCT_NAME = "$(TARGET_NAME)";
				SWIFT_VERSION = 5.0;
				TARGETED_DEVICE_FAMILY = "1,2";
				TEST_TARGET_NAME = CodeChallenge;
			};
			name = Release;
		};
/* End XCBuildConfiguration section */

/* Begin XCConfigurationList section */
		5248408D25F9315800EEECC7 /* Build configuration list for PBXProject "CodeChallenge" */ = {
			isa = XCConfigurationList;
			buildConfigurations = (
				524840BA25F9315A00EEECC7 /* Debug */,
				524840BB25F9315A00EEECC7 /* Release */,
			);
			defaultConfigurationIsVisible = 0;
			defaultConfigurationName = Release;
		};
		524840BC25F9315A00EEECC7 /* Build configuration list for PBXNativeTarget "CodeChallenge" */ = {
			isa = XCConfigurationList;
			buildConfigurations = (
				524840BD25F9315A00EEECC7 /* Debug */,
				524840BE25F9315A00EEECC7 /* Release */,
			);
			defaultConfigurationIsVisible = 0;
			defaultConfigurationName = Release;
		};
		524840BF25F9315A00EEECC7 /* Build configuration list for PBXNativeTarget "CodeChallengeTests" */ = {
			isa = XCConfigurationList;
			buildConfigurations = (
				524840C025F9315A00EEECC7 /* Debug */,
				524840C125F9315A00EEECC7 /* Release */,
			);
			defaultConfigurationIsVisible = 0;
			defaultConfigurationName = Release;
		};
		524840C225F9315A00EEECC7 /* Build configuration list for PBXNativeTarget "CodeChallengeUITests" */ = {
			isa = XCConfigurationList;
			buildConfigurations = (
				524840C325F9315A00EEECC7 /* Debug */,
				524840C425F9315A00EEECC7 /* Release */,
			);
			defaultConfigurationIsVisible = 0;
			defaultConfigurationName = Release;
		};
/* End XCConfigurationList section */
	};
	rootObject = 5248408A25F9315800EEECC7 /* Project object */;
}
